
Microsoft Visual Studio Solution File, Format Version 12.00
# Visual Studio 2012
Project("{FAE04EC0-301F-11D3-BF4B-00C04F79EFBC}") = "SoftwareWatchdog", "SoftwareWatchdog\SoftwareWatchdog.csproj", "{B7255E20-1D01-4450-B6F9-AC67178340AB}"
EndProject
Global
	GlobalSection(SolutionConfigurationPlatforms) = preSolution
		Debug|Any CPU = Debug|Any CPU
		Release|Any CPU = Release|Any CPU
	EndGlobalSection
	GlobalSection(ProjectConfigurationPlatforms) = postSolution
		{B7255E20-1D01-4450-B6F9-AC67178340AB}.Debug|Any CPU.ActiveCfg = Debug|Any CPU
		{B7255E20-1D01-4450-B6F9-AC67178340AB}.Debug|Any CPU.Build.0 = Debug|Any CPU
		{B7255E20-1D01-4450-B6F9-AC67178340AB}.Release|Any CPU.ActiveCfg = Release|Any CPU
		{B7255E20-1D01-4450-B6F9-AC67178340AB}.Release|Any CPU.Build.0 = Release|Any CPU
	EndGlobalSection
	GlobalSection(SolutionProperties) = preSolution
		HideSolutionNode = FALSE
	EndGlobalSection
EndGlobal
